
Microsoft Visual Studio Solution File, Format Version 12.00
# Visual Studio Version 16
VisualStudioVersion = 16.0.29409.12
MinimumVisualStudioVersion = 10.0.40219.1
Project("{FAE04EC0-301F-11D3-BF4B-00C04F79EFBC}") = "AdventOfCode", "AdventOfCode\AdventOfCode.csproj", "{EBB07FE7-14EF-48B0-8B9F-F26E1948E0A1}"
EndProject
Project("{FAE04EC0-301F-11D3-BF4B-00C04F79EFBC}") = "Interfaces", "Interfaces\Interfaces.csproj", "{8E871211-7987-4960-81C6-25538DFDCA91}"
EndProject
Project("{FAE04EC0-301F-11D3-BF4B-00C04F79EFBC}") = "Solver2019_01", "Solver2019_01\Solver2019_01.csproj", "{0E300997-600E-4647-B4A2-E615E0D838BE}"
EndProject
Project("{FAE04EC0-301F-11D3-BF4B-00C04F79EFBC}") = "Solver2019_02", "Solver2019_02\Solver2019_02.csproj", "{2E177C98-7203-4616-8005-6AD543A06F5D}"
EndProject
Project("{FAE04EC0-301F-11D3-BF4B-00C04F79EFBC}") = "Solver2019_03", "Solver2019_03\Solver2019_03.csproj", "{AF8B8168-6255-4B38-9ABA-0A60E2DFDB18}"
EndProject
Project("{FAE04EC0-301F-11D3-BF4B-00C04F79EFBC}") = "Solver2019_04", "Solver2019_04\Solver2019_04.csproj", "{F2803622-9190-42FF-AA58-17CA34EEAC52}"
EndProject
Project("{FAE04EC0-301F-11D3-BF4B-00C04F79EFBC}") = "Solver2019_05", "Solver2019_05\Solver2019_05.csproj", "{575FE657-90B8-4826-A6C4-D8C5D11A5CF5}"
EndProject
Project("{FAE04EC0-301F-11D3-BF4B-00C04F79EFBC}") = "Solver2019_06", "Solver2019_06\Solver2019_06.csproj", "{B91D8AFE-043E-4AD5-ADCD-4A700636B6C4}"
EndProject
Project("{FAE04EC0-301F-11D3-BF4B-00C04F79EFBC}") = "Solver2019_07", "Solver2019_07\Solver2019_07.csproj", "{49738583-10B2-4885-99EC-050703FBE4D9}"
EndProject
Project("{FAE04EC0-301F-11D3-BF4B-00C04F79EFBC}") = "IntCodeCpu", "IntCodeCpu\IntCodeCpu.csproj", "{DA5E9E21-48C5-46F9-9362-4302DAB906A7}"
EndProject
Project("{FAE04EC0-301F-11D3-BF4B-00C04F79EFBC}") = "Solver2019_08", "Solver2019_08\Solver2019_08.csproj", "{4AA6A655-F00D-44F2-BED9-1B2DB35117F4}"
EndProject
Project("{FAE04EC0-301F-11D3-BF4B-00C04F79EFBC}") = "Solver2019_09", "Solver2019_09\Solver2019_09.csproj", "{54D53A9D-E4ED-45DF-BFD1-D2516414FE12}"
EndProject
Project("{FAE04EC0-301F-11D3-BF4B-00C04F79EFBC}") = "Solver2019_10", "Solver2019_10\Solver2019_10.csproj", "{B787C5B6-060E-4580-9B01-DA3E9681A0B6}"
EndProject
Project("{FAE04EC0-301F-11D3-BF4B-00C04F79EFBC}") = "Solver2019_11", "Solver2019_11\Solver2019_11.csproj", "{D8A1E875-AB1C-4B7F-A9BE-AD02987BFEDA}"
EndProject
Project("{FAE04EC0-301F-11D3-BF4B-00C04F79EFBC}") = "Solver2019_12", "Solver2019_12\Solver2019_12.csproj", "{83F85451-6E3C-4E56-A47E-04965E0759AF}"
EndProject
Project("{FAE04EC0-301F-11D3-BF4B-00C04F79EFBC}") = "Solver2019_13", "Solver2019_13\Solver2019_13.csproj", "{2BFAEB55-5454-410B-A4C7-28F394D94F6E}"
EndProject
Project("{FAE04EC0-301F-11D3-BF4B-00C04F79EFBC}") = "Solver2019_14", "Solver2019_14\Solver2019_14.csproj", "{02EF6259-52BA-41A6-AB44-CE23E3E55611}"
EndProject
Project("{FAE04EC0-301F-11D3-BF4B-00C04F79EFBC}") = "Solver2019_15", "Solver2019_15\Solver2019_15.csproj", "{98E66E50-DEF5-4D46-BFC3-5E71ECE65DC8}"
EndProject
Project("{FAE04EC0-301F-11D3-BF4B-00C04F79EFBC}") = "Solver2019_16", "Solver2019_16\Solver2019_16.csproj", "{AB7EE75E-9ADC-480C-825D-43D78285D4FC}"
EndProject
Project("{FAE04EC0-301F-11D3-BF4B-00C04F79EFBC}") = "Solver2019_17", "Solver2019_17\Solver2019_17.csproj", "{6AF5D7DE-970B-4582-83A3-B20CE457C513}"
EndProject
Project("{FAE04EC0-301F-11D3-BF4B-00C04F79EFBC}") = "Solver2019_19", "Solver2019_19\Solver2019_19.csproj", "{F6642046-A484-40A7-AEBC-A0A1C6B49C24}"
EndProject
Project("{FAE04EC0-301F-11D3-BF4B-00C04F79EFBC}") = "Solver2019_18", "Solver2019_18\Solver2019_18.csproj", "{AEB7C1AD-ABDD-4A0F-9EBA-6CCC65F5B5B3}"
EndProject
Project("{FAE04EC0-301F-11D3-BF4B-00C04F79EFBC}") = "Solver2019_20", "Solver2019_20\Solver2019_20.csproj", "{1FF30CFF-5672-4B33-8BD8-3555BD253070}"
EndProject
Project("{FAE04EC0-301F-11D3-BF4B-00C04F79EFBC}") = "Solver2019_21", "Solver2019_21\Solver2019_21.csproj", "{ACF2AA9A-A5F1-4698-8F62-67031EBB342F}"
EndProject
Project("{FAE04EC0-301F-11D3-BF4B-00C04F79EFBC}") = "Solver2019_22", "Solver2019_22\Solver2019_22.csproj", "{C82090EF-D453-4342-BC80-81868E30D8BC}"
EndProject
Global
	GlobalSection(SolutionConfigurationPlatforms) = preSolution
		Debug|Any CPU = Debug|Any CPU
		Debug|x64 = Debug|x64
		Release|Any CPU = Release|Any CPU
		Release|x64 = Release|x64
	EndGlobalSection
	GlobalSection(ProjectConfigurationPlatforms) = postSolution
		{EBB07FE7-14EF-48B0-8B9F-F26E1948E0A1}.Debug|Any CPU.ActiveCfg = Debug|Any CPU
		{EBB07FE7-14EF-48B0-8B9F-F26E1948E0A1}.Debug|Any CPU.Build.0 = Debug|Any CPU
		{EBB07FE7-14EF-48B0-8B9F-F26E1948E0A1}.Debug|x64.ActiveCfg = Debug|x64
		{EBB07FE7-14EF-48B0-8B9F-F26E1948E0A1}.Debug|x64.Build.0 = Debug|x64
		{EBB07FE7-14EF-48B0-8B9F-F26E1948E0A1}.Release|Any CPU.ActiveCfg = Release|Any CPU
		{EBB07FE7-14EF-48B0-8B9F-F26E1948E0A1}.Release|Any CPU.Build.0 = Release|Any CPU
		{EBB07FE7-14EF-48B0-8B9F-F26E1948E0A1}.Release|x64.ActiveCfg = Release|x64
		{EBB07FE7-14EF-48B0-8B9F-F26E1948E0A1}.Release|x64.Build.0 = Release|x64
		{8E871211-7987-4960-81C6-25538DFDCA91}.Debug|Any CPU.ActiveCfg = Debug|Any CPU
		{8E871211-7987-4960-81C6-25538DFDCA91}.Debug|Any CPU.Build.0 = Debug|Any CPU
		{8E871211-7987-4960-81C6-25538DFDCA91}.Debug|x64.ActiveCfg = Debug|x64
		{8E871211-7987-4960-81C6-25538DFDCA91}.Debug|x64.Build.0 = Debug|x64
		{8E871211-7987-4960-81C6-25538DFDCA91}.Release|Any CPU.ActiveCfg = Release|Any CPU
		{8E871211-7987-4960-81C6-25538DFDCA91}.Release|Any CPU.Build.0 = Release|Any CPU
		{8E871211-7987-4960-81C6-25538DFDCA91}.Release|x64.ActiveCfg = Release|x64
		{8E871211-7987-4960-81C6-25538DFDCA91}.Release|x64.Build.0 = Release|x64
		{0E300997-600E-4647-B4A2-E615E0D838BE}.Debug|Any CPU.ActiveCfg = Debug|Any CPU
		{0E300997-600E-4647-B4A2-E615E0D838BE}.Debug|Any CPU.Build.0 = Debug|Any CPU
		{0E300997-600E-4647-B4A2-E615E0D838BE}.Debug|x64.ActiveCfg = Debug|x64
		{0E300997-600E-4647-B4A2-E615E0D838BE}.Debug|x64.Build.0 = Debug|x64
		{0E300997-600E-4647-B4A2-E615E0D838BE}.Release|Any CPU.ActiveCfg = Release|Any CPU
		{0E300997-600E-4647-B4A2-E615E0D838BE}.Release|Any CPU.Build.0 = Release|Any CPU
		{0E300997-600E-4647-B4A2-E615E0D838BE}.Release|x64.ActiveCfg = Release|x64
		{0E300997-600E-4647-B4A2-E615E0D838BE}.Release|x64.Build.0 = Release|x64
		{2E177C98-7203-4616-8005-6AD543A06F5D}.Debug|Any CPU.ActiveCfg = Debug|Any CPU
		{2E177C98-7203-4616-8005-6AD543A06F5D}.Debug|Any CPU.Build.0 = Debug|Any CPU
		{2E177C98-7203-4616-8005-6AD543A06F5D}.Debug|x64.ActiveCfg = Debug|x64
		{2E177C98-7203-4616-8005-6AD543A06F5D}.Debug|x64.Build.0 = Debug|x64
		{2E177C98-7203-4616-8005-6AD543A06F5D}.Release|Any CPU.ActiveCfg = Release|Any CPU
		{2E177C98-7203-4616-8005-6AD543A06F5D}.Release|Any CPU.Build.0 = Release|Any CPU
		{2E177C98-7203-4616-8005-6AD543A06F5D}.Release|x64.ActiveCfg = Release|x64
		{2E177C98-7203-4616-8005-6AD543A06F5D}.Release|x64.Build.0 = Release|x64
		{AF8B8168-6255-4B38-9ABA-0A60E2DFDB18}.Debug|Any CPU.ActiveCfg = Debug|Any CPU
		{AF8B8168-6255-4B38-9ABA-0A60E2DFDB18}.Debug|Any CPU.Build.0 = Debug|Any CPU
		{AF8B8168-6255-4B38-9ABA-0A60E2DFDB18}.Debug|x64.ActiveCfg = Debug|x64
		{AF8B8168-6255-4B38-9ABA-0A60E2DFDB18}.Debug|x64.Build.0 = Debug|x64
		{AF8B8168-6255-4B38-9ABA-0A60E2DFDB18}.Release|Any CPU.ActiveCfg = Release|Any CPU
		{AF8B8168-6255-4B38-9ABA-0A60E2DFDB18}.Release|Any CPU.Build.0 = Release|Any CPU
		{AF8B8168-6255-4B38-9ABA-0A60E2DFDB18}.Release|x64.ActiveCfg = Release|x64
		{AF8B8168-6255-4B38-9ABA-0A60E2DFDB18}.Release|x64.Build.0 = Release|x64
		{F2803622-9190-42FF-AA58-17CA34EEAC52}.Debug|Any CPU.ActiveCfg = Debug|Any CPU
		{F2803622-9190-42FF-AA58-17CA34EEAC52}.Debug|Any CPU.Build.0 = Debug|Any CPU
		{F2803622-9190-42FF-AA58-17CA34EEAC52}.Debug|x64.ActiveCfg = Debug|x64
		{F2803622-9190-42FF-AA58-17CA34EEAC52}.Debug|x64.Build.0 = Debug|x64
		{F2803622-9190-42FF-AA58-17CA34EEAC52}.Release|Any CPU.ActiveCfg = Release|Any CPU
		{F2803622-9190-42FF-AA58-17CA34EEAC52}.Release|Any CPU.Build.0 = Release|Any CPU
		{F2803622-9190-42FF-AA58-17CA34EEAC52}.Release|x64.ActiveCfg = Release|x64
		{F2803622-9190-42FF-AA58-17CA34EEAC52}.Release|x64.Build.0 = Release|x64
		{575FE657-90B8-4826-A6C4-D8C5D11A5CF5}.Debug|Any CPU.ActiveCfg = Debug|Any CPU
		{575FE657-90B8-4826-A6C4-D8C5D11A5CF5}.Debug|Any CPU.Build.0 = Debug|Any CPU
		{575FE657-90B8-4826-A6C4-D8C5D11A5CF5}.Debug|x64.ActiveCfg = Debug|x64
		{575FE657-90B8-4826-A6C4-D8C5D11A5CF5}.Debug|x64.Build.0 = Debug|x64
		{575FE657-90B8-4826-A6C4-D8C5D11A5CF5}.Release|Any CPU.ActiveCfg = Release|Any CPU
		{575FE657-90B8-4826-A6C4-D8C5D11A5CF5}.Release|Any CPU.Build.0 = Release|Any CPU
		{575FE657-90B8-4826-A6C4-D8C5D11A5CF5}.Release|x64.ActiveCfg = Release|x64
		{575FE657-90B8-4826-A6C4-D8C5D11A5CF5}.Release|x64.Build.0 = Release|x64
		{B91D8AFE-043E-4AD5-ADCD-4A700636B6C4}.Debug|Any CPU.ActiveCfg = Debug|Any CPU
		{B91D8AFE-043E-4AD5-ADCD-4A700636B6C4}.Debug|Any CPU.Build.0 = Debug|Any CPU
		{B91D8AFE-043E-4AD5-ADCD-4A700636B6C4}.Debug|x64.ActiveCfg = Debug|x64
		{B91D8AFE-043E-4AD5-ADCD-4A700636B6C4}.Debug|x64.Build.0 = Debug|x64
		{B91D8AFE-043E-4AD5-ADCD-4A700636B6C4}.Release|Any CPU.ActiveCfg = Release|Any CPU
		{B91D8AFE-043E-4AD5-ADCD-4A700636B6C4}.Release|Any CPU.Build.0 = Release|Any CPU
		{B91D8AFE-043E-4AD5-ADCD-4A700636B6C4}.Release|x64.ActiveCfg = Release|x64
		{B91D8AFE-043E-4AD5-ADCD-4A700636B6C4}.Release|x64.Build.0 = Release|x64
		{49738583-10B2-4885-99EC-050703FBE4D9}.Debug|Any CPU.ActiveCfg = Debug|Any CPU
		{49738583-10B2-4885-99EC-050703FBE4D9}.Debug|Any CPU.Build.0 = Debug|Any CPU
		{49738583-10B2-4885-99EC-050703FBE4D9}.Debug|x64.ActiveCfg = Debug|x64
		{49738583-10B2-4885-99EC-050703FBE4D9}.Debug|x64.Build.0 = Debug|x64
		{49738583-10B2-4885-99EC-050703FBE4D9}.Release|Any CPU.ActiveCfg = Release|Any CPU
		{49738583-10B2-4885-99EC-050703FBE4D9}.Release|Any CPU.Build.0 = Release|Any CPU
		{49738583-10B2-4885-99EC-050703FBE4D9}.Release|x64.ActiveCfg = Release|x64
		{49738583-10B2-4885-99EC-050703FBE4D9}.Release|x64.Build.0 = Release|x64
		{DA5E9E21-48C5-46F9-9362-4302DAB906A7}.Debug|Any CPU.ActiveCfg = Debug|Any CPU
		{DA5E9E21-48C5-46F9-9362-4302DAB906A7}.Debug|Any CPU.Build.0 = Debug|Any CPU
		{DA5E9E21-48C5-46F9-9362-4302DAB906A7}.Debug|x64.ActiveCfg = Debug|x64
		{DA5E9E21-48C5-46F9-9362-4302DAB906A7}.Debug|x64.Build.0 = Debug|x64
		{DA5E9E21-48C5-46F9-9362-4302DAB906A7}.Release|Any CPU.ActiveCfg = Release|Any CPU
		{DA5E9E21-48C5-46F9-9362-4302DAB906A7}.Release|Any CPU.Build.0 = Release|Any CPU
		{DA5E9E21-48C5-46F9-9362-4302DAB906A7}.Release|x64.ActiveCfg = Release|x64
		{DA5E9E21-48C5-46F9-9362-4302DAB906A7}.Release|x64.Build.0 = Release|x64
		{4AA6A655-F00D-44F2-BED9-1B2DB35117F4}.Debug|Any CPU.ActiveCfg = Debug|Any CPU
		{4AA6A655-F00D-44F2-BED9-1B2DB35117F4}.Debug|Any CPU.Build.0 = Debug|Any CPU
		{4AA6A655-F00D-44F2-BED9-1B2DB35117F4}.Debug|x64.ActiveCfg = Debug|x64
		{4AA6A655-F00D-44F2-BED9-1B2DB35117F4}.Debug|x64.Build.0 = Debug|x64
		{4AA6A655-F00D-44F2-BED9-1B2DB35117F4}.Release|Any CPU.ActiveCfg = Release|Any CPU
		{4AA6A655-F00D-44F2-BED9-1B2DB35117F4}.Release|Any CPU.Build.0 = Release|Any CPU
		{4AA6A655-F00D-44F2-BED9-1B2DB35117F4}.Release|x64.ActiveCfg = Release|x64
		{4AA6A655-F00D-44F2-BED9-1B2DB35117F4}.Release|x64.Build.0 = Release|x64
		{54D53A9D-E4ED-45DF-BFD1-D2516414FE12}.Debug|Any CPU.ActiveCfg = Debug|Any CPU
		{54D53A9D-E4ED-45DF-BFD1-D2516414FE12}.Debug|Any CPU.Build.0 = Debug|Any CPU
		{54D53A9D-E4ED-45DF-BFD1-D2516414FE12}.Debug|x64.ActiveCfg = Debug|x64
		{54D53A9D-E4ED-45DF-BFD1-D2516414FE12}.Debug|x64.Build.0 = Debug|x64
		{54D53A9D-E4ED-45DF-BFD1-D2516414FE12}.Release|Any CPU.ActiveCfg = Release|Any CPU
		{54D53A9D-E4ED-45DF-BFD1-D2516414FE12}.Release|Any CPU.Build.0 = Release|Any CPU
		{54D53A9D-E4ED-45DF-BFD1-D2516414FE12}.Release|x64.ActiveCfg = Release|x64
		{54D53A9D-E4ED-45DF-BFD1-D2516414FE12}.Release|x64.Build.0 = Release|x64
		{B787C5B6-060E-4580-9B01-DA3E9681A0B6}.Debug|Any CPU.ActiveCfg = Debug|Any CPU
		{B787C5B6-060E-4580-9B01-DA3E9681A0B6}.Debug|Any CPU.Build.0 = Debug|Any CPU
		{B787C5B6-060E-4580-9B01-DA3E9681A0B6}.Debug|x64.ActiveCfg = Debug|x64
		{B787C5B6-060E-4580-9B01-DA3E9681A0B6}.Debug|x64.Build.0 = Debug|x64
		{B787C5B6-060E-4580-9B01-DA3E9681A0B6}.Release|Any CPU.ActiveCfg = Release|Any CPU
		{B787C5B6-060E-4580-9B01-DA3E9681A0B6}.Release|Any CPU.Build.0 = Release|Any CPU
		{B787C5B6-060E-4580-9B01-DA3E9681A0B6}.Release|x64.ActiveCfg = Release|x64
		{B787C5B6-060E-4580-9B01-DA3E9681A0B6}.Release|x64.Build.0 = Release|x64
		{D8A1E875-AB1C-4B7F-A9BE-AD02987BFEDA}.Debug|Any CPU.ActiveCfg = Debug|Any CPU
		{D8A1E875-AB1C-4B7F-A9BE-AD02987BFEDA}.Debug|Any CPU.Build.0 = Debug|Any CPU
		{D8A1E875-AB1C-4B7F-A9BE-AD02987BFEDA}.Debug|x64.ActiveCfg = Debug|x64
		{D8A1E875-AB1C-4B7F-A9BE-AD02987BFEDA}.Debug|x64.Build.0 = Debug|x64
		{D8A1E875-AB1C-4B7F-A9BE-AD02987BFEDA}.Release|Any CPU.ActiveCfg = Release|Any CPU
		{D8A1E875-AB1C-4B7F-A9BE-AD02987BFEDA}.Release|Any CPU.Build.0 = Release|Any CPU
		{D8A1E875-AB1C-4B7F-A9BE-AD02987BFEDA}.Release|x64.ActiveCfg = Release|x64
		{D8A1E875-AB1C-4B7F-A9BE-AD02987BFEDA}.Release|x64.Build.0 = Release|x64
		{83F85451-6E3C-4E56-A47E-04965E0759AF}.Debug|Any CPU.ActiveCfg = Debug|Any CPU
		{83F85451-6E3C-4E56-A47E-04965E0759AF}.Debug|Any CPU.Build.0 = Debug|Any CPU
		{83F85451-6E3C-4E56-A47E-04965E0759AF}.Debug|x64.ActiveCfg = Debug|x64
		{83F85451-6E3C-4E56-A47E-04965E0759AF}.Debug|x64.Build.0 = Debug|x64
		{83F85451-6E3C-4E56-A47E-04965E0759AF}.Release|Any CPU.ActiveCfg = Release|Any CPU
		{83F85451-6E3C-4E56-A47E-04965E0759AF}.Release|Any CPU.Build.0 = Release|Any CPU
		{83F85451-6E3C-4E56-A47E-04965E0759AF}.Release|x64.ActiveCfg = Release|x64
		{83F85451-6E3C-4E56-A47E-04965E0759AF}.Release|x64.Build.0 = Release|x64
		{2BFAEB55-5454-410B-A4C7-28F394D94F6E}.Debug|Any CPU.ActiveCfg = Debug|Any CPU
		{2BFAEB55-5454-410B-A4C7-28F394D94F6E}.Debug|Any CPU.Build.0 = Debug|Any CPU
		{2BFAEB55-5454-410B-A4C7-28F394D94F6E}.Debug|x64.ActiveCfg = Debug|x64
		{2BFAEB55-5454-410B-A4C7-28F394D94F6E}.Debug|x64.Build.0 = Debug|x64
		{2BFAEB55-5454-410B-A4C7-28F394D94F6E}.Release|Any CPU.ActiveCfg = Release|Any CPU
		{2BFAEB55-5454-410B-A4C7-28F394D94F6E}.Release|Any CPU.Build.0 = Release|Any CPU
		{2BFAEB55-5454-410B-A4C7-28F394D94F6E}.Release|x64.ActiveCfg = Release|x64
		{2BFAEB55-5454-410B-A4C7-28F394D94F6E}.Release|x64.Build.0 = Release|x64
		{02EF6259-52BA-41A6-AB44-CE23E3E55611}.Debug|Any CPU.ActiveCfg = Debug|Any CPU
		{02EF6259-52BA-41A6-AB44-CE23E3E55611}.Debug|Any CPU.Build.0 = Debug|Any CPU
		{02EF6259-52BA-41A6-AB44-CE23E3E55611}.Debug|x64.ActiveCfg = Debug|x64
		{02EF6259-52BA-41A6-AB44-CE23E3E55611}.Debug|x64.Build.0 = Debug|x64
		{02EF6259-52BA-41A6-AB44-CE23E3E55611}.Release|Any CPU.ActiveCfg = Release|Any CPU
		{02EF6259-52BA-41A6-AB44-CE23E3E55611}.Release|Any CPU.Build.0 = Release|Any CPU
		{02EF6259-52BA-41A6-AB44-CE23E3E55611}.Release|x64.ActiveCfg = Release|x64
		{02EF6259-52BA-41A6-AB44-CE23E3E55611}.Release|x64.Build.0 = Release|x64
		{98E66E50-DEF5-4D46-BFC3-5E71ECE65DC8}.Debug|Any CPU.ActiveCfg = Debug|Any CPU
		{98E66E50-DEF5-4D46-BFC3-5E71ECE65DC8}.Debug|Any CPU.Build.0 = Debug|Any CPU
		{98E66E50-DEF5-4D46-BFC3-5E71ECE65DC8}.Debug|x64.ActiveCfg = Debug|Any CPU
		{98E66E50-DEF5-4D46-BFC3-5E71ECE65DC8}.Debug|x64.Build.0 = Debug|Any CPU
		{98E66E50-DEF5-4D46-BFC3-5E71ECE65DC8}.Release|Any CPU.ActiveCfg = Release|Any CPU
		{98E66E50-DEF5-4D46-BFC3-5E71ECE65DC8}.Release|Any CPU.Build.0 = Release|Any CPU
		{98E66E50-DEF5-4D46-BFC3-5E71ECE65DC8}.Release|x64.ActiveCfg = Release|Any CPU
		{98E66E50-DEF5-4D46-BFC3-5E71ECE65DC8}.Release|x64.Build.0 = Release|Any CPU
		{AB7EE75E-9ADC-480C-825D-43D78285D4FC}.Debug|Any CPU.ActiveCfg = Debug|Any CPU
		{AB7EE75E-9ADC-480C-825D-43D78285D4FC}.Debug|Any CPU.Build.0 = Debug|Any CPU
		{AB7EE75E-9ADC-480C-825D-43D78285D4FC}.Debug|x64.ActiveCfg = Debug|Any CPU
		{AB7EE75E-9ADC-480C-825D-43D78285D4FC}.Debug|x64.Build.0 = Debug|Any CPU
		{AB7EE75E-9ADC-480C-825D-43D78285D4FC}.Release|Any CPU.ActiveCfg = Release|Any CPU
		{AB7EE75E-9ADC-480C-825D-43D78285D4FC}.Release|Any CPU.Build.0 = Release|Any CPU
		{AB7EE75E-9ADC-480C-825D-43D78285D4FC}.Release|x64.ActiveCfg = Release|Any CPU
		{AB7EE75E-9ADC-480C-825D-43D78285D4FC}.Release|x64.Build.0 = Release|Any CPU
		{6AF5D7DE-970B-4582-83A3-B20CE457C513}.Debug|Any CPU.ActiveCfg = Debug|Any CPU
		{6AF5D7DE-970B-4582-83A3-B20CE457C513}.Debug|Any CPU.Build.0 = Debug|Any CPU
		{6AF5D7DE-970B-4582-83A3-B20CE457C513}.Debug|x64.ActiveCfg = Debug|Any CPU
		{6AF5D7DE-970B-4582-83A3-B20CE457C513}.Debug|x64.Build.0 = Debug|Any CPU
		{6AF5D7DE-970B-4582-83A3-B20CE457C513}.Release|Any CPU.ActiveCfg = Release|Any CPU
		{6AF5D7DE-970B-4582-83A3-B20CE457C513}.Release|Any CPU.Build.0 = Release|Any CPU
		{6AF5D7DE-970B-4582-83A3-B20CE457C513}.Release|x64.ActiveCfg = Release|Any CPU
		{6AF5D7DE-970B-4582-83A3-B20CE457C513}.Release|x64.Build.0 = Release|Any CPU
		{F6642046-A484-40A7-AEBC-A0A1C6B49C24}.Debug|Any CPU.ActiveCfg = Debug|Any CPU
		{F6642046-A484-40A7-AEBC-A0A1C6B49C24}.Debug|Any CPU.Build.0 = Debug|Any CPU
		{F6642046-A484-40A7-AEBC-A0A1C6B49C24}.Debug|x64.ActiveCfg = Debug|Any CPU
		{F6642046-A484-40A7-AEBC-A0A1C6B49C24}.Debug|x64.Build.0 = Debug|Any CPU
		{F6642046-A484-40A7-AEBC-A0A1C6B49C24}.Release|Any CPU.ActiveCfg = Release|Any CPU
		{F6642046-A484-40A7-AEBC-A0A1C6B49C24}.Release|Any CPU.Build.0 = Release|Any CPU
		{F6642046-A484-40A7-AEBC-A0A1C6B49C24}.Release|x64.ActiveCfg = Release|Any CPU
		{F6642046-A484-40A7-AEBC-A0A1C6B49C24}.Release|x64.Build.0 = Release|Any CPU
		{AEB7C1AD-ABDD-4A0F-9EBA-6CCC65F5B5B3}.Debug|Any CPU.ActiveCfg = Debug|Any CPU
		{AEB7C1AD-ABDD-4A0F-9EBA-6CCC65F5B5B3}.Debug|Any CPU.Build.0 = Debug|Any CPU
		{AEB7C1AD-ABDD-4A0F-9EBA-6CCC65F5B5B3}.Debug|x64.ActiveCfg = Debug|Any CPU
		{AEB7C1AD-ABDD-4A0F-9EBA-6CCC65F5B5B3}.Debug|x64.Build.0 = Debug|Any CPU
		{AEB7C1AD-ABDD-4A0F-9EBA-6CCC65F5B5B3}.Release|Any CPU.ActiveCfg = Release|Any CPU
		{AEB7C1AD-ABDD-4A0F-9EBA-6CCC65F5B5B3}.Release|Any CPU.Build.0 = Release|Any CPU
		{AEB7C1AD-ABDD-4A0F-9EBA-6CCC65F5B5B3}.Release|x64.ActiveCfg = Release|Any CPU
		{AEB7C1AD-ABDD-4A0F-9EBA-6CCC65F5B5B3}.Release|x64.Build.0 = Release|Any CPU
		{1FF30CFF-5672-4B33-8BD8-3555BD253070}.Debug|Any CPU.ActiveCfg = Debug|Any CPU
		{1FF30CFF-5672-4B33-8BD8-3555BD253070}.Debug|Any CPU.Build.0 = Debug|Any CPU
		{1FF30CFF-5672-4B33-8BD8-3555BD253070}.Debug|x64.ActiveCfg = Debug|Any CPU
		{1FF30CFF-5672-4B33-8BD8-3555BD253070}.Debug|x64.Build.0 = Debug|Any CPU
		{1FF30CFF-5672-4B33-8BD8-3555BD253070}.Release|Any CPU.ActiveCfg = Release|Any CPU
		{1FF30CFF-5672-4B33-8BD8-3555BD253070}.Release|Any CPU.Build.0 = Release|Any CPU
		{1FF30CFF-5672-4B33-8BD8-3555BD253070}.Release|x64.ActiveCfg = Release|Any CPU
		{1FF30CFF-5672-4B33-8BD8-3555BD253070}.Release|x64.Build.0 = Release|Any CPU
		{ACF2AA9A-A5F1-4698-8F62-67031EBB342F}.Debug|Any CPU.ActiveCfg = Debug|Any CPU
		{ACF2AA9A-A5F1-4698-8F62-67031EBB342F}.Debug|Any CPU.Build.0 = Debug|Any CPU
		{ACF2AA9A-A5F1-4698-8F62-67031EBB342F}.Debug|x64.ActiveCfg = Debug|Any CPU
		{ACF2AA9A-A5F1-4698-8F62-67031EBB342F}.Debug|x64.Build.0 = Debug|Any CPU
		{ACF2AA9A-A5F1-4698-8F62-67031EBB342F}.Release|Any CPU.ActiveCfg = Release|Any CPU
		{ACF2AA9A-A5F1-4698-8F62-67031EBB342F}.Release|Any CPU.Build.0 = Release|Any CPU
		{ACF2AA9A-A5F1-4698-8F62-67031EBB342F}.Release|x64.ActiveCfg = Release|Any CPU
		{ACF2AA9A-A5F1-4698-8F62-67031EBB342F}.Release|x64.Build.0 = Release|Any CPU
		{C82090EF-D453-4342-BC80-81868E30D8BC}.Debug|Any CPU.ActiveCfg = Debug|Any CPU
		{C82090EF-D453-4342-BC80-81868E30D8BC}.Debug|Any CPU.Build.0 = Debug|Any CPU
		{C82090EF-D453-4342-BC80-81868E30D8BC}.Debug|x64.ActiveCfg = Debug|Any CPU
		{C82090EF-D453-4342-BC80-81868E30D8BC}.Debug|x64.Build.0 = Debug|Any CPU
		{C82090EF-D453-4342-BC80-81868E30D8BC}.Release|Any CPU.ActiveCfg = Release|Any CPU
		{C82090EF-D453-4342-BC80-81868E30D8BC}.Release|Any CPU.Build.0 = Release|Any CPU
		{C82090EF-D453-4342-BC80-81868E30D8BC}.Release|x64.ActiveCfg = Release|Any CPU
		{C82090EF-D453-4342-BC80-81868E30D8BC}.Release|x64.Build.0 = Release|Any CPU
	EndGlobalSection
	GlobalSection(SolutionProperties) = preSolution
		HideSolutionNode = FALSE
	EndGlobalSection
	GlobalSection(ExtensibilityGlobals) = postSolution
		SolutionGuid = {C1A3F6FC-7043-4D8A-95EA-14344C41855A}
	EndGlobalSection
EndGlobal
