
Microsoft Visual Studio Solution File, Format Version 12.00
# Visual Studio Version 16
VisualStudioVersion = 16.0.29409.12
MinimumVisualStudioVersion = 10.0.40219.1
Project("{FAE04EC0-301F-11D3-BF4B-00C04F79EFBC}") = "AdventOfCode", "AdventOfCode\AdventOfCode.csproj", "{EBB07FE7-14EF-48B0-8B9F-F26E1948E0A1}"
EndProject
Project("{FAE04EC0-301F-11D3-BF4B-00C04F79EFBC}") = "Interfaces", "Interfaces\Interfaces.csproj", "{8E871211-7987-4960-81C6-25538DFDCA91}"
EndProject
Project("{FAE04EC0-301F-11D3-BF4B-00C04F79EFBC}") = "Solver2019_01", "Solver2019_01\Solver2019_01.csproj", "{0E300997-600E-4647-B4A2-E615E0D838BE}"
EndProject
Project("{FAE04EC0-301F-11D3-BF4B-00C04F79EFBC}") = "Solver2019_02", "Solver2019_02\Solver2019_02.csproj", "{2E177C98-7203-4616-8005-6AD543A06F5D}"
EndProject
Project("{FAE04EC0-301F-11D3-BF4B-00C04F79EFBC}") = "Solver2019_03", "Solver2019_03\Solver2019_03.csproj", "{AF8B8168-6255-4B38-9ABA-0A60E2DFDB18}"
EndProject
Project("{FAE04EC0-301F-11D3-BF4B-00C04F79EFBC}") = "Solver2019_04", "Solver2019_04\Solver2019_04.csproj", "{F2803622-9190-42FF-AA58-17CA34EEAC52}"
EndProject
Project("{FAE04EC0-301F-11D3-BF4B-00C04F79EFBC}") = "Solver2019_05", "Solver2019_05\Solver2019_05.csproj", "{575FE657-90B8-4826-A6C4-D8C5D11A5CF5}"
EndProject
Project("{FAE04EC0-301F-11D3-BF4B-00C04F79EFBC}") = "Solver2019_06", "Solver2019_06\Solver2019_06.csproj", "{B91D8AFE-043E-4AD5-ADCD-4A700636B6C4}"
EndProject
Project("{FAE04EC0-301F-11D3-BF4B-00C04F79EFBC}") = "Solver2019_07", "Solver2019_07\Solver2019_07.csproj", "{49738583-10B2-4885-99EC-050703FBE4D9}"
EndProject
Project("{FAE04EC0-301F-11D3-BF4B-00C04F79EFBC}") = "IntCodeCpu", "IntCodeCpu\IntCodeCpu.csproj", "{DA5E9E21-48C5-46F9-9362-4302DAB906A7}"
EndProject
Project("{FAE04EC0-301F-11D3-BF4B-00C04F79EFBC}") = "Solver2019_08", "Solver2019_08\Solver2019_08.csproj", "{4AA6A655-F00D-44F2-BED9-1B2DB35117F4}"
EndProject
Project("{FAE04EC0-301F-11D3-BF4B-00C04F79EFBC}") = "Solver2019_09", "Solver2019_09\Solver2019_09.csproj", "{54D53A9D-E4ED-45DF-BFD1-D2516414FE12}"
EndProject
Project("{FAE04EC0-301F-11D3-BF4B-00C04F79EFBC}") = "Solver2019_10", "Solver2019_10\Solver2019_10.csproj", "{B787C5B6-060E-4580-9B01-DA3E9681A0B6}"
EndProject
Global
	GlobalSection(SolutionConfigurationPlatforms) = preSolution
		Debug|Any CPU = Debug|Any CPU
		Release|Any CPU = Release|Any CPU
	EndGlobalSection
	GlobalSection(ProjectConfigurationPlatforms) = postSolution
		{EBB07FE7-14EF-48B0-8B9F-F26E1948E0A1}.Debug|Any CPU.ActiveCfg = Debug|Any CPU
		{EBB07FE7-14EF-48B0-8B9F-F26E1948E0A1}.Debug|Any CPU.Build.0 = Debug|Any CPU
		{EBB07FE7-14EF-48B0-8B9F-F26E1948E0A1}.Release|Any CPU.ActiveCfg = Release|Any CPU
		{EBB07FE7-14EF-48B0-8B9F-F26E1948E0A1}.Release|Any CPU.Build.0 = Release|Any CPU
		{8E871211-7987-4960-81C6-25538DFDCA91}.Debug|Any CPU.ActiveCfg = Debug|Any CPU
		{8E871211-7987-4960-81C6-25538DFDCA91}.Debug|Any CPU.Build.0 = Debug|Any CPU
		{8E871211-7987-4960-81C6-25538DFDCA91}.Release|Any CPU.ActiveCfg = Release|Any CPU
		{8E871211-7987-4960-81C6-25538DFDCA91}.Release|Any CPU.Build.0 = Release|Any CPU
		{0E300997-600E-4647-B4A2-E615E0D838BE}.Debug|Any CPU.ActiveCfg = Debug|Any CPU
		{0E300997-600E-4647-B4A2-E615E0D838BE}.Debug|Any CPU.Build.0 = Debug|Any CPU
		{0E300997-600E-4647-B4A2-E615E0D838BE}.Release|Any CPU.ActiveCfg = Release|Any CPU
		{0E300997-600E-4647-B4A2-E615E0D838BE}.Release|Any CPU.Build.0 = Release|Any CPU
		{2E177C98-7203-4616-8005-6AD543A06F5D}.Debug|Any CPU.ActiveCfg = Debug|Any CPU
		{2E177C98-7203-4616-8005-6AD543A06F5D}.Debug|Any CPU.Build.0 = Debug|Any CPU
		{2E177C98-7203-4616-8005-6AD543A06F5D}.Release|Any CPU.ActiveCfg = Release|Any CPU
		{2E177C98-7203-4616-8005-6AD543A06F5D}.Release|Any CPU.Build.0 = Release|Any CPU
		{AF8B8168-6255-4B38-9ABA-0A60E2DFDB18}.Debug|Any CPU.ActiveCfg = Debug|Any CPU
		{AF8B8168-6255-4B38-9ABA-0A60E2DFDB18}.Debug|Any CPU.Build.0 = Debug|Any CPU
		{AF8B8168-6255-4B38-9ABA-0A60E2DFDB18}.Release|Any CPU.ActiveCfg = Release|Any CPU
		{AF8B8168-6255-4B38-9ABA-0A60E2DFDB18}.Release|Any CPU.Build.0 = Release|Any CPU
		{F2803622-9190-42FF-AA58-17CA34EEAC52}.Debug|Any CPU.ActiveCfg = Debug|Any CPU
		{F2803622-9190-42FF-AA58-17CA34EEAC52}.Debug|Any CPU.Build.0 = Debug|Any CPU
		{F2803622-9190-42FF-AA58-17CA34EEAC52}.Release|Any CPU.ActiveCfg = Release|Any CPU
		{F2803622-9190-42FF-AA58-17CA34EEAC52}.Release|Any CPU.Build.0 = Release|Any CPU
		{575FE657-90B8-4826-A6C4-D8C5D11A5CF5}.Debug|Any CPU.ActiveCfg = Debug|Any CPU
		{575FE657-90B8-4826-A6C4-D8C5D11A5CF5}.Debug|Any CPU.Build.0 = Debug|Any CPU
		{575FE657-90B8-4826-A6C4-D8C5D11A5CF5}.Release|Any CPU.ActiveCfg = Release|Any CPU
		{575FE657-90B8-4826-A6C4-D8C5D11A5CF5}.Release|Any CPU.Build.0 = Release|Any CPU
		{B91D8AFE-043E-4AD5-ADCD-4A700636B6C4}.Debug|Any CPU.ActiveCfg = Debug|Any CPU
		{B91D8AFE-043E-4AD5-ADCD-4A700636B6C4}.Debug|Any CPU.Build.0 = Debug|Any CPU
		{B91D8AFE-043E-4AD5-ADCD-4A700636B6C4}.Release|Any CPU.ActiveCfg = Release|Any CPU
		{B91D8AFE-043E-4AD5-ADCD-4A700636B6C4}.Release|Any CPU.Build.0 = Release|Any CPU
		{49738583-10B2-4885-99EC-050703FBE4D9}.Debug|Any CPU.ActiveCfg = Debug|Any CPU
		{49738583-10B2-4885-99EC-050703FBE4D9}.Debug|Any CPU.Build.0 = Debug|Any CPU
		{49738583-10B2-4885-99EC-050703FBE4D9}.Release|Any CPU.ActiveCfg = Release|Any CPU
		{49738583-10B2-4885-99EC-050703FBE4D9}.Release|Any CPU.Build.0 = Release|Any CPU
		{DA5E9E21-48C5-46F9-9362-4302DAB906A7}.Debug|Any CPU.ActiveCfg = Debug|Any CPU
		{DA5E9E21-48C5-46F9-9362-4302DAB906A7}.Debug|Any CPU.Build.0 = Debug|Any CPU
		{DA5E9E21-48C5-46F9-9362-4302DAB906A7}.Release|Any CPU.ActiveCfg = Release|Any CPU
		{DA5E9E21-48C5-46F9-9362-4302DAB906A7}.Release|Any CPU.Build.0 = Release|Any CPU
		{4AA6A655-F00D-44F2-BED9-1B2DB35117F4}.Debug|Any CPU.ActiveCfg = Debug|Any CPU
		{4AA6A655-F00D-44F2-BED9-1B2DB35117F4}.Debug|Any CPU.Build.0 = Debug|Any CPU
		{4AA6A655-F00D-44F2-BED9-1B2DB35117F4}.Release|Any CPU.ActiveCfg = Release|Any CPU
		{4AA6A655-F00D-44F2-BED9-1B2DB35117F4}.Release|Any CPU.Build.0 = Release|Any CPU
		{54D53A9D-E4ED-45DF-BFD1-D2516414FE12}.Debug|Any CPU.ActiveCfg = Debug|Any CPU
		{54D53A9D-E4ED-45DF-BFD1-D2516414FE12}.Debug|Any CPU.Build.0 = Debug|Any CPU
		{54D53A9D-E4ED-45DF-BFD1-D2516414FE12}.Release|Any CPU.ActiveCfg = Release|Any CPU
		{54D53A9D-E4ED-45DF-BFD1-D2516414FE12}.Release|Any CPU.Build.0 = Release|Any CPU
		{B787C5B6-060E-4580-9B01-DA3E9681A0B6}.Debug|Any CPU.ActiveCfg = Debug|Any CPU
		{B787C5B6-060E-4580-9B01-DA3E9681A0B6}.Debug|Any CPU.Build.0 = Debug|Any CPU
		{B787C5B6-060E-4580-9B01-DA3E9681A0B6}.Release|Any CPU.ActiveCfg = Release|Any CPU
		{B787C5B6-060E-4580-9B01-DA3E9681A0B6}.Release|Any CPU.Build.0 = Release|Any CPU
	EndGlobalSection
	GlobalSection(SolutionProperties) = preSolution
		HideSolutionNode = FALSE
	EndGlobalSection
	GlobalSection(ExtensibilityGlobals) = postSolution
		SolutionGuid = {C1A3F6FC-7043-4D8A-95EA-14344C41855A}
	EndGlobalSection
EndGlobal
